{
  "name": "leaflet-shot",
  "version": "1.0.0",
  "lockfileVersion": 1,
  "requires": true,
  "dependencies": {
    "dom-to-image": {
      "version": "2.6.0",
      "resolved": "https://registry.npmjs.org/dom-to-image/-/dom-to-image-2.6.0.tgz",
      "integrity": "sha1-ilA2CAiMh7HCL5A0rgMuGJiVWGc="
    },
    "leaflet": {
      "version": "1.4.0",
      "resolved": "https://registry.npmjs.org/leaflet/-/leaflet-1.4.0.tgz",
      "integrity": "sha512-x9j9tGY1+PDLN9pcWTx9/y6C5nezoTMB8BLK5jTakx+H7bPlnbCHfi9Hjg+Qt36sgDz/cb9lrSpNQXmk45Tvhw=="
    },
    "leaflet-simple-map-screenshoter": {
      "version": "0.3.5",
      "resolved": "https://registry.npmjs.org/leaflet-simple-map-screenshoter/-/leaflet-simple-map-screenshoter-0.3.5.tgz",
      "integrity": "sha512-SXICgm5UyCb1l2HNXmwInK4oS7Ggrbyf1De/qmY5sjQXf8inuW0C5nKlx9jyTFnSrAjSdu7t040hi0Q+TmtUoQ==",
      "requires": {
        "dom-to-image": "^2.6.0"
      }
    }
  }
}
